// !$*UTF8*$!
{
	archiveVersion = 1;
	classes = {
	};
	objectVersion = 48;
	objects = {

/* Begin PBXBuildFile section */
		F19312F9201D5E7F000F50DB /* AppDelegate.swift in Sources */ = {isa = PBXBuildFile; fileRef = F19312F8201D5E7F000F50DB /* AppDelegate.swift */; };
		F19312FB201D5E7F000F50DB /* ViewController.swift in Sources */ = {isa = PBXBuildFile; fileRef = F19312FA201D5E7F000F50DB /* ViewController.swift */; };
		F19312FE201D5E7F000F50DB /* Main.storyboard in Resources */ = {isa = PBXBuildFile; fileRef = F19312FC201D5E7F000F50DB /* Main.storyboard */; };
		F1931300201D5E7F000F50DB /* Assets.xcassets in Resources */ = {isa = PBXBuildFile; fileRef = F19312FF201D5E7F000F50DB /* Assets.xcassets */; };
		F1931303201D5E7F000F50DB /* LaunchScreen.storyboard in Resources */ = {isa = PBXBuildFile; fileRef = F1931301201D5E7F000F50DB /* LaunchScreen.storyboard */; };
		F193130E201D5E7F000F50DB /* testTests.swift in Sources */ = {isa = PBXBuildFile; fileRef = F193130D201D5E7F000F50DB /* testTests.swift */; };
		F1931319201D5E7F000F50DB /* testUITests.swift in Sources */ = {isa = PBXBuildFile; fileRef = F1931318201D5E7F000F50DB /* testUITests.swift */; };
/* End PBXBuildFile section */

/* Begin PBXContainerItemProxy section */
		F193130A201D5E7F000F50DB /* PBXContainerItemProxy */ = {
			isa = PBXContainerItemProxy;
			containerPortal = F19312ED201D5E7F000F50DB /* Project object */;
			proxyType = 1;
			remoteGlobalIDString = F19312F4201D5E7F000F50DB;
			remoteInfo = test;
		};
		F1931315201D5E7F000F50DB /* PBXContainerItemProxy */ = {
			isa = PBXContainerItemProxy;
			containerPortal = F19312ED201D5E7F000F50DB /* Project object */;
			proxyType = 1;
			remoteGlobalIDString = F19312F4201D5E7F000F50DB;
			remoteInfo = test;
		};
/* End PBXContainerItemProxy section */

/* Begin PBXFileReference section */
		F19312F5201D5E7F000F50DB /* test.app */ = {isa = PBXFileReference; explicitFileType = wrapper.application; includeInIndex = 0; path = test.app; sourceTree = BUILT_PRODUCTS_DIR; };
		F19312F8201D5E7F000F50DB /* AppDelegate.swift */ = {isa = PBXFileReference; lastKnownFileType = sourcecode.swift; path = AppDelegate.swift; sourceTree = "<group>"; };
		F19312FA201D5E7F000F50DB /* ViewController.swift */ = {isa = PBXFileReference; lastKnownFileType = sourcecode.swift; path = ViewController.swift; sourceTree = "<group>"; };
		F19312FD201D5E7F000F50DB /* Base */ = {isa = PBXFileReference; lastKnownFileType = file.storyboard; name = Base; path = Base.lproj/Main.storyboard; sourceTree = "<group>"; };
		F19312FF201D5E7F000F50DB /* Assets.xcassets */ = {isa = PBXFileReference; lastKnownFileType = folder.assetcatalog; path = Assets.xcassets; sourceTree = "<group>"; };
		F1931302201D5E7F000F50DB /* Base */ = {isa = PBXFileReference; lastKnownFileType = file.storyboard; name = Base; path = Base.lproj/LaunchScreen.storyboard; sourceTree = "<group>"; };
		F1931304201D5E7F000F50DB /* Info.plist */ = {isa = PBXFileReference; lastKnownFileType = text.plist.xml; path = Info.plist; sourceTree = "<group>"; };
		F1931309201D5E7F000F50DB /* testTests.xctest */ = {isa = PBXFileReference; explicitFileType = wrapper.cfbundle; includeInIndex = 0; path = testTests.xctest; sourceTree = BUILT_PRODUCTS_DIR; };
		F193130D201D5E7F000F50DB /* testTests.swift */ = {isa = PBXFileReference; lastKnownFileType = sourcecode.swift; path = testTests.swift; sourceTree = "<group>"; };
		F193130F201D5E7F000F50DB /* Info.plist */ = {isa = PBXFileReference; lastKnownFileType = text.plist.xml; path = Info.plist; sourceTree = "<group>"; };
		F1931314201D5E7F000F50DB /* testUITests.xctest */ = {isa = PBXFileReference; explicitFileType = wrapper.cfbundle; includeInIndex = 0; path = testUITests.xctest; sourceTree = BUILT_PRODUCTS_DIR; };
		F1931318201D5E7F000F50DB /* testUITests.swift */ = {isa = PBXFileReference; lastKnownFileType = sourcecode.swift; path = testUITests.swift; sourceTree = "<group>"; };
		F193131A201D5E7F000F50DB /* Info.plist */ = {isa = PBXFileReference; lastKnownFileType = text.plist.xml; path = Info.plist; sourceTree = "<group>"; };
/* End PBXFileReference section */

/* Begin PBXFrameworksBuildPhase section */
		F19312F2201D5E7F000F50DB /* Frameworks */ = {
			isa = PBXFrameworksBuildPhase;
			buildActionMask = 2147483647;
			files = (
			);
			runOnlyForDeploymentPostprocessing = 0;
		};
		F1931306201D5E7F000F50DB /* Frameworks */ = {
			isa = PBXFrameworksBuildPhase;
			buildActionMask = 2147483647;
			files = (
			);
			runOnlyForDeploymentPostprocessing = 0;
		};
		F1931311201D5E7F000F50DB /* Frameworks */ = {
			isa = PBXFrameworksBuildPhase;
			buildActionMask = 2147483647;
			files = (
			);
			runOnlyForDeploymentPostprocessing = 0;
		};
/* End PBXFrameworksBuildPhase section */

/* Begin PBXGroup section */
		F19312EC201D5E7F000F50DB = {
			isa = PBXGroup;
			children = (
				F19312F7201D5E7F000F50DB /* test */,
				F193130C201D5E7F000F50DB /* testTests */,
				F1931317201D5E7F000F50DB /* testUITests */,
				F19312F6201D5E7F000F50DB /* Products */,
			);
			sourceTree = "<group>";
		};
		F19312F6201D5E7F000F50DB /* Products */ = {
			isa = PBXGroup;
			children = (
				F19312F5201D5E7F000F50DB /* test.app */,
				F1931309201D5E7F000F50DB /* testTests.xctest */,
				F1931314201D5E7F000F50DB /* testUITests.xctest */,
			);
			name = Products;
			sourceTree = "<group>";
		};
		F19312F7201D5E7F000F50DB /* test */ = {
			isa = PBXGroup;
			children = (
				F19312F8201D5E7F000F50DB /* AppDelegate.swift */,
				F19312FA201D5E7F000F50DB /* ViewController.swift */,
				F19312FC201D5E7F000F50DB /* Main.storyboard */,
				F19312FF201D5E7F000F50DB /* Assets.xcassets */,
				F1931301201D5E7F000F50DB /* LaunchScreen.storyboard */,
				F1931304201D5E7F000F50DB /* Info.plist */,
			);
			path = test;
			sourceTree = "<group>";
		};
		F193130C201D5E7F000F50DB /* testTests */ = {
			isa = PBXGroup;
			children = (
				F193130D201D5E7F000F50DB /* testTests.swift */,
				F193130F201D5E7F000F50DB /* Info.plist */,
			);
			path = testTests;
			sourceTree = "<group>";
		};
		F1931317201D5E7F000F50DB /* testUITests */ = {
			isa = PBXGroup;
			children = (
				F1931318201D5E7F000F50DB /* testUITests.swift */,
				F193131A201D5E7F000F50DB /* Info.plist */,
			);
			path = testUITests;
			sourceTree = "<group>";
		};
/* End PBXGroup section */

/* Begin PBXNativeTarget section */
		F19312F4201D5E7F000F50DB /* test */ = {
			isa = PBXNativeTarget;
			buildConfigurationList = F193131D201D5E7F000F50DB /* Build configuration list for PBXNativeTarget "test" */;
			buildPhases = (
				F19312F1201D5E7F000F50DB /* Sources */,
				F19312F2201D5E7F000F50DB /* Frameworks */,
				F19312F3201D5E7F000F50DB /* Resources */,
			);
			buildRules = (
			);
			dependencies = (
			);
			name = test;
			productName = test;
			productReference = F19312F5201D5E7F000F50DB /* test.app */;
			productType = "com.apple.product-type.application";
		};
		F1931308201D5E7F000F50DB /* testTests */ = {
			isa = PBXNativeTarget;
			buildConfigurationList = F1931320201D5E7F000F50DB /* Build configuration list for PBXNativeTarget "testTests" */;
			buildPhases = (
				F1931305201D5E7F000F50DB /* Sources */,
				F1931306201D5E7F000F50DB /* Frameworks */,
				F1931307201D5E7F000F50DB /* Resources */,
			);
			buildRules = (
			);
			dependencies = (
				F193130B201D5E7F000F50DB /* PBXTargetDependency */,
			);
			name = testTests;
			productName = testTests;
			productReference = F1931309201D5E7F000F50DB /* testTests.xctest */;
			productType = "com.apple.product-type.bundle.unit-test";
		};
		F1931313201D5E7F000F50DB /* testUITests */ = {
			isa = PBXNativeTarget;
			buildConfigurationList = F1931323201D5E7F000F50DB /* Build configuration list for PBXNativeTarget "testUITests" */;
			buildPhases = (
				F1931310201D5E7F000F50DB /* Sources */,
				F1931311201D5E7F000F50DB /* Frameworks */,
				F1931312201D5E7F000F50DB /* Resources */,
			);
			buildRules = (
			);
			dependencies = (
				F1931316201D5E7F000F50DB /* PBXTargetDependency */,
			);
			name = testUITests;
			productName = testUITests;
			productReference = F1931314201D5E7F000F50DB /* testUITests.xctest */;
			productType = "com.apple.product-type.bundle.ui-testing";
		};
/* End PBXNativeTarget section */

/* Begin PBXProject section */
		F19312ED201D5E7F000F50DB /* Project object */ = {
			isa = PBXProject;
			attributes = {
				LastSwiftUpdateCheck = 0920;
				LastUpgradeCheck = 0920;
				ORGANIZATIONNAME = "Brian Sy";
				TargetAttributes = {
					F19312F4201D5E7F000F50DB = {
						CreatedOnToolsVersion = 9.2;
						ProvisioningStyle = Automatic;
					};
					F1931308201D5E7F000F50DB = {
						CreatedOnToolsVersion = 9.2;
						ProvisioningStyle = Automatic;
						TestTargetID = F19312F4201D5E7F000F50DB;
					};
					F1931313201D5E7F000F50DB = {
						CreatedOnToolsVersion = 9.2;
						ProvisioningStyle = Automatic;
						TestTargetID = F19312F4201D5E7F000F50DB;
					};
				};
			};
			buildConfigurationList = F19312F0201D5E7F000F50DB /* Build configuration list for PBXProject "test" */;
			compatibilityVersion = "Xcode 8.0";
			developmentRegion = en;
			hasScannedForEncodings = 0;
			knownRegions = (
				en,
				Base,
			);
			mainGroup = F19312EC201D5E7F000F50DB;
			productRefGroup = F19312F6201D5E7F000F50DB /* Products */;
			projectDirPath = "";
			projectRoot = "";
			targets = (
				F19312F4201D5E7F000F50DB /* test */,
				F1931308201D5E7F000F50DB /* testTests */,
				F1931313201D5E7F000F50DB /* testUITests */,
			);
		};
/* End PBXProject section */

/* Begin PBXResourcesBuildPhase section */
		F19312F3201D5E7F000F50DB /* Resources */ = {
			isa = PBXResourcesBuildPhase;
			buildActionMask = 2147483647;
			files = (
				F1931303201D5E7F000F50DB /* LaunchScreen.storyboard in Resources */,
				F1931300201D5E7F000F50DB /* Assets.xcassets in Resources */,
				F19312FE201D5E7F000F50DB /* Main.storyboard in Resources */,
			);
			runOnlyForDeploymentPostprocessing = 0;
		};
		F1931307201D5E7F000F50DB /* Resources */ = {
			isa = PBXResourcesBuildPhase;
			buildActionMask = 2147483647;
			files = (
			);
			runOnlyForDeploymentPostprocessing = 0;
		};
		F1931312201D5E7F000F50DB /* Resources */ = {
			isa = PBXResourcesBuildPhase;
			buildActionMask = 2147483647;
			files = (
			);
			runOnlyForDeploymentPostprocessing = 0;
		};
/* End PBXResourcesBuildPhase section */

/* Begin PBXSourcesBuildPhase section */
		F19312F1201D5E7F000F50DB /* Sources */ = {
			isa = PBXSourcesBuildPhase;
			buildActionMask = 2147483647;
			files = (
				F19312FB201D5E7F000F50DB /* ViewController.swift in Sources */,
				F19312F9201D5E7F000F50DB /* AppDelegate.swift in Sources */,
			);
			runOnlyForDeploymentPostprocessing = 0;
		};
		F1931305201D5E7F000F50DB /* Sources */ = {
			isa = PBXSourcesBuildPhase;
			buildActionMask = 2147483647;
			files = (
				F193130E201D5E7F000F50DB /* testTests.swift in Sources */,
			);
			runOnlyForDeploymentPostprocessing = 0;
		};
		F1931310201D5E7F000F50DB /* Sources */ = {
			isa = PBXSourcesBuildPhase;
			buildActionMask = 2147483647;
			files = (
				F1931319201D5E7F000F50DB /* testUITests.swift in Sources */,
			);
			runOnlyForDeploymentPostprocessing = 0;
		};
/* End PBXSourcesBuildPhase section */

/* Begin PBXTargetDependency section */
		F193130B201D5E7F000F50DB /* PBXTargetDependency */ = {
			isa = PBXTargetDependency;
			target = F19312F4201D5E7F000F50DB /* test */;
			targetProxy = F193130A201D5E7F000F50DB /* PBXContainerItemProxy */;
		};
		F1931316201D5E7F000F50DB /* PBXTargetDependency */ = {
			isa = PBXTargetDependency;
			target = F19312F4201D5E7F000F50DB /* test */;
			targetProxy = F1931315201D5E7F000F50DB /* PBXContainerItemProxy */;
		};
/* End PBXTargetDependency section */

/* Begin PBXVariantGroup section */
		F19312FC201D5E7F000F50DB /* Main.storyboard */ = {
			isa = PBXVariantGroup;
			children = (
				F19312FD201D5E7F000F50DB /* Base */,
			);
			name = Main.storyboard;
			sourceTree = "<group>";
		};
		F1931301201D5E7F000F50DB /* LaunchScreen.storyboard */ = {
			isa = PBXVariantGroup;
			children = (
				F1931302201D5E7F000F50DB /* Base */,
			);
			name = LaunchScreen.storyboard;
			sourceTree = "<group>";
		};
/* End PBXVariantGroup section */

/* Begin XCBuildConfiguration section */
		F193131B201D5E7F000F50DB /* Debug */ = {
			isa = XCBuildConfiguration;
			buildSettings = {
				ALWAYS_SEARCH_USER_PATHS = NO;
				CLANG_ANALYZER_NONNULL = YES;
				CLANG_ANALYZER_NUMBER_OBJECT_CONVERSION = YES_AGGRESSIVE;
				CLANG_CXX_LANGUAGE_STANDARD = "gnu++14";
				CLANG_CXX_LIBRARY = "libc++";
				CLANG_ENABLE_MODULES = YES;
				CLANG_ENABLE_OBJC_ARC = YES;
				CLANG_WARN_BLOCK_CAPTURE_AUTORELEASING = YES;
				CLANG_WARN_BOOL_CONVERSION = YES;
				CLANG_WARN_COMMA = YES;
				CLANG_WARN_CONSTANT_CONVERSION = YES;
				CLANG_WARN_DIRECT_OBJC_ISA_USAGE = YES_ERROR;
				CLANG_WARN_DOCUMENTATION_COMMENTS = YES;
				CLANG_WARN_EMPTY_BODY = YES;
				CLANG_WARN_ENUM_CONVERSION = YES;
				CLANG_WARN_INFINITE_RECURSION = YES;
				CLANG_WARN_INT_CONVERSION = YES;
				CLANG_WARN_NON_LITERAL_NULL_CONVERSION = YES;
				CLANG_WARN_OBJC_LITERAL_CONVERSION = YES;
				CLANG_WARN_OBJC_ROOT_CLASS = YES_ERROR;
				CLANG_WARN_RANGE_LOOP_ANALYSIS = YES;
				CLANG_WARN_STRICT_PROTOTYPES = YES;
				CLANG_WARN_SUSPICIOUS_MOVE = YES;
				CLANG_WARN_UNGUARDED_AVAILABILITY = YES_AGGRESSIVE;
				CLANG_WARN_UNREACHABLE_CODE = YES;
				CLANG_WARN__DUPLICATE_METHOD_MATCH = YES;
				CODE_SIGN_IDENTITY = "iPhone Developer";
				COPY_PHASE_STRIP = NO;
				DEBUG_INFORMATION_FORMAT = dwarf;
				ENABLE_STRICT_OBJC_MSGSEND = YES;
				ENABLE_TESTABILITY = YES;
				GCC_C_LANGUAGE_STANDARD = gnu11;
				GCC_DYNAMIC_NO_PIC = NO;
				GCC_NO_COMMON_BLOCKS = YES;
				GCC_OPTIMIZATION_LEVEL = 0;
				GCC_PREPROCESSOR_DEFINITIONS = (
					"DEBUG=1",
					"$(inherited)",
				);
				GCC_WARN_64_TO_32_BIT_CONVERSION = YES;
				GCC_WARN_ABOUT_RETURN_TYPE = YES_ERROR;
				GCC_WARN_UNDECLARED_SELECTOR = YES;
				GCC_WARN_UNINITIALIZED_AUTOS = YES_AGGRESSIVE;
				GCC_WARN_UNUSED_FUNCTION = YES;
				GCC_WARN_UNUSED_VARIABLE = YES;
				IPHONEOS_DEPLOYMENT_TARGET = 11.2;
				MTL_ENABLE_DEBUG_INFO = YES;
				ONLY_ACTIVE_ARCH = YES;
				SDKROOT = iphoneos;
				SWIFT_ACTIVE_COMPILATION_CONDITIONS = DEBUG;
				SWIFT_OPTIMIZATION_LEVEL = "-Onone";
			};
			name = Debug;
		};
		F193131C201D5E7F000F50DB /* Release */ = {
			isa = XCBuildConfiguration;
			buildSettings = {
				ALWAYS_SEARCH_USER_PATHS = NO;
				CLANG_ANALYZER_NONNULL = YES;
				CLANG_ANALYZER_NUMBER_OBJECT_CONVERSION = YES_AGGRESSIVE;
				CLANG_CXX_LANGUAGE_STANDARD = "gnu++14";
				CLANG_CXX_LIBRARY = "libc++";
				CLANG_ENABLE_MODULES = YES;
				CLANG_ENABLE_OBJC_ARC = YES;
				CLANG_WARN_BLOCK_CAPTURE_AUTORELEASING = YES;
				CLANG_WARN_BOOL_CONVERSION = YES;
				CLANG_WARN_COMMA = YES;
				CLANG_WARN_CONSTANT_CONVERSION = YES;
				CLANG_WARN_DIRECT_OBJC_ISA_USAGE = YES_ERROR;
				CLANG_WARN_DOCUMENTATION_COMMENTS = YES;
				CLANG_WARN_EMPTY_BODY = YES;
				CLANG_WARN_ENUM_CONVERSION = YES;
				CLANG_WARN_INFINITE_RECURSION = YES;
				CLANG_WARN_INT_CONVERSION = YES;
				CLANG_WARN_NON_LITERAL_NULL_CONVERSION = YES;
				CLANG_WARN_OBJC_LITERAL_CONVERSION = YES;
				CLANG_WARN_OBJC_ROOT_CLASS = YES_ERROR;
				CLANG_WARN_RANGE_LOOP_ANALYSIS = YES;
				CLANG_WARN_STRICT_PROTOTYPES = YES;
				CLANG_WARN_SUSPICIOUS_MOVE = YES;
				CLANG_WARN_UNGUARDED_AVAILABILITY = YES_AGGRESSIVE;
				CLANG_WARN_UNREACHABLE_CODE = YES;
				CLANG_WARN__DUPLICATE_METHOD_MATCH = YES;
				CODE_SIGN_IDENTITY = "iPhone Developer";
				COPY_PHASE_STRIP = NO;
				DEBUG_INFORMATION_FORMAT = "dwarf-with-dsym";
				ENABLE_NS_ASSERTIONS = NO;
				ENABLE_STRICT_OBJC_MSGSEND = YES;
				GCC_C_LANGUAGE_STANDARD = gnu11;
				GCC_NO_COMMON_BLOCKS = YES;
				GCC_WARN_64_TO_32_BIT_CONVERSION = YES;
				GCC_WARN_ABOUT_RETURN_TYPE = YES_ERROR;
				GCC_WARN_UNDECLARED_SELECTOR = YES;
				GCC_WARN_UNINITIALIZED_AUTOS = YES_AGGRESSIVE;
				GCC_WARN_UNUSED_FUNCTION = YES;
				GCC_WARN_UNUSED_VARIABLE = YES;
				IPHONEOS_DEPLOYMENT_TARGET = 11.2;
				MTL_ENABLE_DEBUG_INFO = NO;
				SDKROOT = iphoneos;
				SWIFT_OPTIMIZATION_LEVEL = "-Owholemodule";
				VALIDATE_PRODUCT = YES;
			};
			name = Release;
		};
		F193131E201D5E7F000F50DB /* Debug */ = {
			isa = XCBuildConfiguration;
			buildSettings = {
				ASSETCATALOG_COMPILER_APPICON_NAME = AppIcon;
				CODE_SIGN_STYLE = Automatic;
				INFOPLIST_FILE = test/Info.plist;
				LD_RUNPATH_SEARCH_PATHS = "$(inherited) @executable_path/Frameworks";
				PRODUCT_BUNDLE_IDENTIFIER = com.BrianSy.test;
				PRODUCT_NAME = "$(TARGET_NAME)";
				SWIFT_VERSION = 4.0;
				TARGETED_DEVICE_FAMILY = "1,2";
			};
			name = Debug;
		};
		F193131F201D5E7F000F50DB /* Release */ = {
			isa = XCBuildConfiguration;
			buildSettings = {
				ASSETCATALOG_COMPILER_APPICON_NAME = AppIcon;
				CODE_SIGN_STYLE = Automatic;
				INFOPLIST_FILE = test/Info.plist;
				LD_RUNPATH_SEARCH_PATHS = "$(inherited) @executable_path/Frameworks";
				PRODUCT_BUNDLE_IDENTIFIER = com.BrianSy.test;
				PRODUCT_NAME = "$(TARGET_NAME)";
				SWIFT_VERSION = 4.0;
				TARGETED_DEVICE_FAMILY = "1,2";
			};
			name = Release;
		};
		F1931321201D5E7F000F50DB /* Debug */ = {
			isa = XCBuildConfiguration;
			buildSettings = {
				ALWAYS_EMBED_SWIFT_STANDARD_LIBRARIES = YES;
				BUNDLE_LOADER = "$(TEST_HOST)";
				CODE_SIGN_STYLE = Automatic;
				INFOPLIST_FILE = testTests/Info.plist;
				LD_RUNPATH_SEARCH_PATHS = "$(inherited) @executable_path/Frameworks @loader_path/Frameworks";
				PRODUCT_BUNDLE_IDENTIFIER = com.BrianSy.testTests;
				PRODUCT_NAME = "$(TARGET_NAME)";
				SWIFT_VERSION = 4.0;
				TARGETED_DEVICE_FAMILY = "1,2";
				TEST_HOST = "$(BUILT_PRODUCTS_DIR)/test.app/test";
			};
			name = Debug;
		};
		F1931322201D5E7F000F50DB /* Release */ = {
			isa = XCBuildConfiguration;
			buildSettings = {
				ALWAYS_EMBED_SWIFT_STANDARD_LIBRARIES = YES;
				BUNDLE_LOADER = "$(TEST_HOST)";
				CODE_SIGN_STYLE = Automatic;
				INFOPLIST_FILE = testTests/Info.plist;
				LD_RUNPATH_SEARCH_PATHS = "$(inherited) @executable_path/Frameworks @loader_path/Frameworks";
				PRODUCT_BUNDLE_IDENTIFIER = com.BrianSy.testTests;
				PRODUCT_NAME = "$(TARGET_NAME)";
				SWIFT_VERSION = 4.0;
				TARGETED_DEVICE_FAMILY = "1,2";
				TEST_HOST = "$(BUILT_PRODUCTS_DIR)/test.app/test";
			};
			name = Release;
		};
		F1931324201D5E7F000F50DB /* Debug */ = {
			isa = XCBuildConfiguration;
			buildSettings = {
				ALWAYS_EMBED_SWIFT_STANDARD_LIBRARIES = YES;
				CODE_SIGN_STYLE = Automatic;
				INFOPLIST_FILE = testUITests/Info.plist;
				LD_RUNPATH_SEARCH_PATHS = "$(inherited) @executable_path/Frameworks @loader_path/Frameworks";
				PRODUCT_BUNDLE_IDENTIFIER = com.BrianSy.testUITests;
				PRODUCT_NAME = "$(TARGET_NAME)";
				SWIFT_VERSION = 4.0;
				TARGETED_DEVICE_FAMILY = "1,2";
				TEST_TARGET_NAME = test;
			};
			name = Debug;
		};
		F1931325201D5E7F000F50DB /* Release */ = {
			isa = XCBuildConfiguration;
			buildSettings = {
				ALWAYS_EMBED_SWIFT_STANDARD_LIBRARIES = YES;
				CODE_SIGN_STYLE = Automatic;
				INFOPLIST_FILE = testUITests/Info.plist;
				LD_RUNPATH_SEARCH_PATHS = "$(inherited) @executable_path/Frameworks @loader_path/Frameworks";
				PRODUCT_BUNDLE_IDENTIFIER = com.BrianSy.testUITests;
				PRODUCT_NAME = "$(TARGET_NAME)";
				SWIFT_VERSION = 4.0;
				TARGETED_DEVICE_FAMILY = "1,2";
				TEST_TARGET_NAME = test;
			};
			name = Release;
		};
/* End XCBuildConfiguration section */

/* Begin XCConfigurationList section */
		F19312F0201D5E7F000F50DB /* Build configuration list for PBXProject "test" */ = {
			isa = XCConfigurationList;
			buildConfigurations = (
				F193131B201D5E7F000F50DB /* Debug */,
				F193131C201D5E7F000F50DB /* Release */,
			);
			defaultConfigurationIsVisible = 0;
			defaultConfigurationName = Release;
		};
		F193131D201D5E7F000F50DB /* Build configuration list for PBXNativeTarget "test" */ = {
			isa = XCConfigurationList;
			buildConfigurations = (
				F193131E201D5E7F000F50DB /* Debug */,
				F193131F201D5E7F000F50DB /* Release */,
			);
			defaultConfigurationIsVisible = 0;
			defaultConfigurationName = Release;
		};
		F1931320201D5E7F000F50DB /* Build configuration list for PBXNativeTarget "testTests" */ = {
			isa = XCConfigurationList;
			buildConfigurations = (
				F1931321201D5E7F000F50DB /* Debug */,
				F1931322201D5E7F000F50DB /* Release */,
			);
			defaultConfigurationIsVisible = 0;
			defaultConfigurationName = Release;
		};
		F1931323201D5E7F000F50DB /* Build configuration list for PBXNativeTarget "testUITests" */ = {
			isa = XCConfigurationList;
			buildConfigurations = (
				F1931324201D5E7F000F50DB /* Debug */,
				F1931325201D5E7F000F50DB /* Release */,
			);
			defaultConfigurationIsVisible = 0;
			defaultConfigurationName = Release;
		};
/* End XCConfigurationList section */
	};
	rootObject = F19312ED201D5E7F000F50DB /* Project object */;
}
