// !$*UTF8*$!
{
	archiveVersion = 1;
	classes = {
	};
	objectVersion = 48;
	objects = {

/* Begin PBXBuildFile section */
		04054B8F2023E96C00660563 /* MainViewController.swift in Sources */ = {isa = PBXBuildFile; fileRef = 04054B8E2023E96C00660563 /* MainViewController.swift */; };
		04054B912023E9A900660563 /* BoardsViewController.swift in Sources */ = {isa = PBXBuildFile; fileRef = 04054B902023E9A900660563 /* BoardsViewController.swift */; };
		04054B932023E9B800660563 /* SharingViewController.swift in Sources */ = {isa = PBXBuildFile; fileRef = 04054B922023E9B800660563 /* SharingViewController.swift */; };
		0476CD67202443A200504726 /* NotesListTableViewController.swift in Sources */ = {isa = PBXBuildFile; fileRef = 0476CD66202443A200504726 /* NotesListTableViewController.swift */; };
		0476CD6920245DC500504726 /* ViewNoteController.swift in Sources */ = {isa = PBXBuildFile; fileRef = 0476CD6820245DC500504726 /* ViewNoteController.swift */; };
		A72DA0950BD2C149DB38457C /* Pods_Turtl.framework in Frameworks */ = {isa = PBXBuildFile; fileRef = FDF2636A94144891045427A9 /* Pods_Turtl.framework */; };
		F105635C2064C4A400D0FD75 /* BoardsListTableViewController.swift in Sources */ = {isa = PBXBuildFile; fileRef = F105635B2064C4A400D0FD75 /* BoardsListTableViewController.swift */; };
		F16D4C4620285B54005404A1 /* AppDelegate.swift in Sources */ = {isa = PBXBuildFile; fileRef = F16D4C4520285B54005404A1 /* AppDelegate.swift */; };
		F16D4C4820285B54005404A1 /* ViewController.swift in Sources */ = {isa = PBXBuildFile; fileRef = F16D4C4720285B54005404A1 /* ViewController.swift */; };
		F16D4C4B20285B54005404A1 /* Main.storyboard in Resources */ = {isa = PBXBuildFile; fileRef = F16D4C4920285B54005404A1 /* Main.storyboard */; };
		F16D4C4D20285B54005404A1 /* Assets.xcassets in Resources */ = {isa = PBXBuildFile; fileRef = F16D4C4C20285B54005404A1 /* Assets.xcassets */; };
		F16D4C5020285B54005404A1 /* LaunchScreen.storyboard in Resources */ = {isa = PBXBuildFile; fileRef = F16D4C4E20285B54005404A1 /* LaunchScreen.storyboard */; };
		F16D4C5B20285B54005404A1 /* TurtlTests.swift in Sources */ = {isa = PBXBuildFile; fileRef = F16D4C5A20285B54005404A1 /* TurtlTests.swift */; };
		F16D4C6620285B54005404A1 /* TurtlUITests.swift in Sources */ = {isa = PBXBuildFile; fileRef = F16D4C6520285B54005404A1 /* TurtlUITests.swift */; };
/* End PBXBuildFile section */

/* Begin PBXContainerItemProxy section */
		F16D4C5720285B54005404A1 /* PBXContainerItemProxy */ = {
			isa = PBXContainerItemProxy;
			containerPortal = F16D4C3A20285B54005404A1 /* Project object */;
			proxyType = 1;
			remoteGlobalIDString = F16D4C4120285B54005404A1;
			remoteInfo = Turtl;
		};
		F16D4C6220285B54005404A1 /* PBXContainerItemProxy */ = {
			isa = PBXContainerItemProxy;
			containerPortal = F16D4C3A20285B54005404A1 /* Project object */;
			proxyType = 1;
			remoteGlobalIDString = F16D4C4120285B54005404A1;
			remoteInfo = Turtl;
		};
/* End PBXContainerItemProxy section */

/* Begin PBXFileReference section */
		04054B8E2023E96C00660563 /* MainViewController.swift */ = {isa = PBXFileReference; lastKnownFileType = sourcecode.swift; path = MainViewController.swift; sourceTree = "<group>"; };
		04054B902023E9A900660563 /* BoardsViewController.swift */ = {isa = PBXFileReference; lastKnownFileType = sourcecode.swift; path = BoardsViewController.swift; sourceTree = "<group>"; };
		04054B922023E9B800660563 /* SharingViewController.swift */ = {isa = PBXFileReference; lastKnownFileType = sourcecode.swift; path = SharingViewController.swift; sourceTree = "<group>"; };
		0476CD66202443A200504726 /* NotesListTableViewController.swift */ = {isa = PBXFileReference; lastKnownFileType = sourcecode.swift; path = NotesListTableViewController.swift; sourceTree = "<group>"; };
		0476CD6820245DC500504726 /* ViewNoteController.swift */ = {isa = PBXFileReference; lastKnownFileType = sourcecode.swift; path = ViewNoteController.swift; sourceTree = "<group>"; };
		EA3EB341B131B04BCC9068FA /* Pods-Turtl.debug.xcconfig */ = {isa = PBXFileReference; includeInIndex = 1; lastKnownFileType = text.xcconfig; name = "Pods-Turtl.debug.xcconfig"; path = "Pods/Target Support Files/Pods-Turtl/Pods-Turtl.debug.xcconfig"; sourceTree = "<group>"; };
		F105635B2064C4A400D0FD75 /* BoardsListTableViewController.swift */ = {isa = PBXFileReference; lastKnownFileType = sourcecode.swift; path = BoardsListTableViewController.swift; sourceTree = "<group>"; };
		F16D4C4220285B54005404A1 /* Turtl.app */ = {isa = PBXFileReference; explicitFileType = wrapper.application; includeInIndex = 0; path = Turtl.app; sourceTree = BUILT_PRODUCTS_DIR; };
		F16D4C4520285B54005404A1 /* AppDelegate.swift */ = {isa = PBXFileReference; lastKnownFileType = sourcecode.swift; path = AppDelegate.swift; sourceTree = "<group>"; };
		F16D4C4720285B54005404A1 /* ViewController.swift */ = {isa = PBXFileReference; lastKnownFileType = sourcecode.swift; path = ViewController.swift; sourceTree = "<group>"; };
		F16D4C4A20285B54005404A1 /* Base */ = {isa = PBXFileReference; lastKnownFileType = file.storyboard; name = Base; path = Base.lproj/Main.storyboard; sourceTree = "<group>"; };
		F16D4C4C20285B54005404A1 /* Assets.xcassets */ = {isa = PBXFileReference; lastKnownFileType = folder.assetcatalog; path = Assets.xcassets; sourceTree = "<group>"; };
		F16D4C4F20285B54005404A1 /* Base */ = {isa = PBXFileReference; lastKnownFileType = file.storyboard; name = Base; path = Base.lproj/LaunchScreen.storyboard; sourceTree = "<group>"; };
		F16D4C5120285B54005404A1 /* Info.plist */ = {isa = PBXFileReference; lastKnownFileType = text.plist.xml; path = Info.plist; sourceTree = "<group>"; };
		F16D4C5620285B54005404A1 /* TurtlTests.xctest */ = {isa = PBXFileReference; explicitFileType = wrapper.cfbundle; includeInIndex = 0; path = TurtlTests.xctest; sourceTree = BUILT_PRODUCTS_DIR; };
		F16D4C5A20285B54005404A1 /* TurtlTests.swift */ = {isa = PBXFileReference; lastKnownFileType = sourcecode.swift; path = TurtlTests.swift; sourceTree = "<group>"; };
		F16D4C5C20285B54005404A1 /* Info.plist */ = {isa = PBXFileReference; lastKnownFileType = text.plist.xml; path = Info.plist; sourceTree = "<group>"; };
		F16D4C6120285B54005404A1 /* TurtlUITests.xctest */ = {isa = PBXFileReference; explicitFileType = wrapper.cfbundle; includeInIndex = 0; path = TurtlUITests.xctest; sourceTree = BUILT_PRODUCTS_DIR; };
		F16D4C6520285B54005404A1 /* TurtlUITests.swift */ = {isa = PBXFileReference; lastKnownFileType = sourcecode.swift; path = TurtlUITests.swift; sourceTree = "<group>"; };
		F16D4C6720285B54005404A1 /* Info.plist */ = {isa = PBXFileReference; lastKnownFileType = text.plist.xml; path = Info.plist; sourceTree = "<group>"; };
		FA2829430AA6D24D6AA31CE9 /* Pods-Turtl.release.xcconfig */ = {isa = PBXFileReference; includeInIndex = 1; lastKnownFileType = text.xcconfig; name = "Pods-Turtl.release.xcconfig"; path = "Pods/Target Support Files/Pods-Turtl/Pods-Turtl.release.xcconfig"; sourceTree = "<group>"; };
		FDF2636A94144891045427A9 /* Pods_Turtl.framework */ = {isa = PBXFileReference; explicitFileType = wrapper.framework; includeInIndex = 0; path = Pods_Turtl.framework; sourceTree = BUILT_PRODUCTS_DIR; };
/* End PBXFileReference section */

/* Begin PBXFrameworksBuildPhase section */
		F16D4C3F20285B54005404A1 /* Frameworks */ = {
			isa = PBXFrameworksBuildPhase;
			buildActionMask = 2147483647;
			files = (
				A72DA0950BD2C149DB38457C /* Pods_Turtl.framework in Frameworks */,
			);
			runOnlyForDeploymentPostprocessing = 0;
		};
		F16D4C5320285B54005404A1 /* Frameworks */ = {
			isa = PBXFrameworksBuildPhase;
			buildActionMask = 2147483647;
			files = (
			);
			runOnlyForDeploymentPostprocessing = 0;
		};
		F16D4C5E20285B54005404A1 /* Frameworks */ = {
			isa = PBXFrameworksBuildPhase;
			buildActionMask = 2147483647;
			files = (
			);
			runOnlyForDeploymentPostprocessing = 0;
		};
/* End PBXFrameworksBuildPhase section */

/* Begin PBXGroup section */
		40CCFCB42D2248129321C0AA /* Pods */ = {
			isa = PBXGroup;
			children = (
				EA3EB341B131B04BCC9068FA /* Pods-Turtl.debug.xcconfig */,
				FA2829430AA6D24D6AA31CE9 /* Pods-Turtl.release.xcconfig */,
			);
			name = Pods;
			sourceTree = "<group>";
		};
		BB8739D9DC50A16EA03866B1 /* Frameworks */ = {
			isa = PBXGroup;
			children = (
				FDF2636A94144891045427A9 /* Pods_Turtl.framework */,
			);
			name = Frameworks;
			sourceTree = "<group>";
		};
		F16D4C3920285B54005404A1 = {
			isa = PBXGroup;
			children = (
				F16D4C4420285B54005404A1 /* Turtl */,
				F16D4C5920285B54005404A1 /* TurtlTests */,
				F16D4C6420285B54005404A1 /* TurtlUITests */,
				F16D4C4320285B54005404A1 /* Products */,
				40CCFCB42D2248129321C0AA /* Pods */,
				BB8739D9DC50A16EA03866B1 /* Frameworks */,
			);
			sourceTree = "<group>";
		};
		F16D4C4320285B54005404A1 /* Products */ = {
			isa = PBXGroup;
			children = (
				F16D4C4220285B54005404A1 /* Turtl.app */,
				F16D4C5620285B54005404A1 /* TurtlTests.xctest */,
				F16D4C6120285B54005404A1 /* TurtlUITests.xctest */,
			);
			name = Products;
			sourceTree = "<group>";
		};
		F16D4C4420285B54005404A1 /* Turtl */ = {
			isa = PBXGroup;
			children = (
				0476CD6820245DC500504726 /* ViewNoteController.swift */,
				F16D4C4520285B54005404A1 /* AppDelegate.swift */,
				F16D4C4720285B54005404A1 /* ViewController.swift */,
				F16D4C4920285B54005404A1 /* Main.storyboard */,
				F105635B2064C4A400D0FD75 /* BoardsListTableViewController.swift */,
				0476CD66202443A200504726 /* NotesListTableViewController.swift */,
				04054B902023E9A900660563 /* BoardsViewController.swift */,
				04054B922023E9B800660563 /* SharingViewController.swift */,
				04054B8E2023E96C00660563 /* MainViewController.swift */,
				F16D4C4C20285B54005404A1 /* Assets.xcassets */,
				F16D4C4E20285B54005404A1 /* LaunchScreen.storyboard */,
				F16D4C5120285B54005404A1 /* Info.plist */,
			);
			path = Turtl;
			sourceTree = "<group>";
		};
		F16D4C5920285B54005404A1 /* TurtlTests */ = {
			isa = PBXGroup;
			children = (
				F16D4C5A20285B54005404A1 /* TurtlTests.swift */,
				F16D4C5C20285B54005404A1 /* Info.plist */,
			);
			path = TurtlTests;
			sourceTree = "<group>";
		};
		F16D4C6420285B54005404A1 /* TurtlUITests */ = {
			isa = PBXGroup;
			children = (
				F16D4C6520285B54005404A1 /* TurtlUITests.swift */,
				F16D4C6720285B54005404A1 /* Info.plist */,
			);
			path = TurtlUITests;
			sourceTree = "<group>";
		};
/* End PBXGroup section */

/* Begin PBXNativeTarget section */
		F16D4C4120285B54005404A1 /* Turtl */ = {
			isa = PBXNativeTarget;
			buildConfigurationList = F16D4C6A20285B54005404A1 /* Build configuration list for PBXNativeTarget "Turtl" */;
			buildPhases = (
				7529CC0942E4DD3779DD29C4 /* [CP] Check Pods Manifest.lock */,
				F16D4C3E20285B54005404A1 /* Sources */,
				F16D4C3F20285B54005404A1 /* Frameworks */,
				F16D4C4020285B54005404A1 /* Resources */,
				A98ABB420A8A49C1D51D89A5 /* [CP] Embed Pods Frameworks */,
				32BD511B24CEF299716EBB8E /* [CP] Copy Pods Resources */,
			);
			buildRules = (
			);
			dependencies = (
			);
			name = Turtl;
			productName = Turtl;
			productReference = F16D4C4220285B54005404A1 /* Turtl.app */;
			productType = "com.apple.product-type.application";
		};
		F16D4C5520285B54005404A1 /* TurtlTests */ = {
			isa = PBXNativeTarget;
			buildConfigurationList = F16D4C6D20285B54005404A1 /* Build configuration list for PBXNativeTarget "TurtlTests" */;
			buildPhases = (
				F16D4C5220285B54005404A1 /* Sources */,
				F16D4C5320285B54005404A1 /* Frameworks */,
				F16D4C5420285B54005404A1 /* Resources */,
			);
			buildRules = (
			);
			dependencies = (
				F16D4C5820285B54005404A1 /* PBXTargetDependency */,
			);
			name = TurtlTests;
			productName = TurtlTests;
			productReference = F16D4C5620285B54005404A1 /* TurtlTests.xctest */;
			productType = "com.apple.product-type.bundle.unit-test";
		};
		F16D4C6020285B54005404A1 /* TurtlUITests */ = {
			isa = PBXNativeTarget;
			buildConfigurationList = F16D4C7020285B54005404A1 /* Build configuration list for PBXNativeTarget "TurtlUITests" */;
			buildPhases = (
				F16D4C5D20285B54005404A1 /* Sources */,
				F16D4C5E20285B54005404A1 /* Frameworks */,
				F16D4C5F20285B54005404A1 /* Resources */,
			);
			buildRules = (
			);
			dependencies = (
				F16D4C6320285B54005404A1 /* PBXTargetDependency */,
			);
			name = TurtlUITests;
			productName = TurtlUITests;
			productReference = F16D4C6120285B54005404A1 /* TurtlUITests.xctest */;
			productType = "com.apple.product-type.bundle.ui-testing";
		};
/* End PBXNativeTarget section */

/* Begin PBXProject section */
		F16D4C3A20285B54005404A1 /* Project object */ = {
			isa = PBXProject;
			attributes = {
				LastSwiftUpdateCheck = 0920;
				LastUpgradeCheck = 0920;
				ORGANIZATIONNAME = "Brian Sy";
				TargetAttributes = {
					F16D4C4120285B54005404A1 = {
						CreatedOnToolsVersion = 9.2;
						ProvisioningStyle = Automatic;
					};
					F16D4C5520285B54005404A1 = {
						CreatedOnToolsVersion = 9.2;
						ProvisioningStyle = Automatic;
						TestTargetID = F16D4C4120285B54005404A1;
					};
					F16D4C6020285B54005404A1 = {
						CreatedOnToolsVersion = 9.2;
						ProvisioningStyle = Automatic;
						TestTargetID = F16D4C4120285B54005404A1;
					};
				};
			};
			buildConfigurationList = F16D4C3D20285B54005404A1 /* Build configuration list for PBXProject "Turtl" */;
			compatibilityVersion = "Xcode 8.0";
			developmentRegion = en;
			hasScannedForEncodings = 0;
			knownRegions = (
				en,
				Base,
			);
			mainGroup = F16D4C3920285B54005404A1;
			productRefGroup = F16D4C4320285B54005404A1 /* Products */;
			projectDirPath = "";
			projectRoot = "";
			targets = (
				F16D4C4120285B54005404A1 /* Turtl */,
				F16D4C5520285B54005404A1 /* TurtlTests */,
				F16D4C6020285B54005404A1 /* TurtlUITests */,
			);
		};
/* End PBXProject section */

/* Begin PBXResourcesBuildPhase section */
		F16D4C4020285B54005404A1 /* Resources */ = {
			isa = PBXResourcesBuildPhase;
			buildActionMask = 2147483647;
			files = (
				F16D4C5020285B54005404A1 /* LaunchScreen.storyboard in Resources */,
				F16D4C4D20285B54005404A1 /* Assets.xcassets in Resources */,
				F16D4C4B20285B54005404A1 /* Main.storyboard in Resources */,
			);
			runOnlyForDeploymentPostprocessing = 0;
		};
		F16D4C5420285B54005404A1 /* Resources */ = {
			isa = PBXResourcesBuildPhase;
			buildActionMask = 2147483647;
			files = (
			);
			runOnlyForDeploymentPostprocessing = 0;
		};
		F16D4C5F20285B54005404A1 /* Resources */ = {
			isa = PBXResourcesBuildPhase;
			buildActionMask = 2147483647;
			files = (
			);
			runOnlyForDeploymentPostprocessing = 0;
		};
/* End PBXResourcesBuildPhase section */

/* Begin PBXShellScriptBuildPhase section */
		32BD511B24CEF299716EBB8E /* [CP] Copy Pods Resources */ = {
			isa = PBXShellScriptBuildPhase;
			buildActionMask = 2147483647;
			files = (
			);
			inputPaths = (
			);
			name = "[CP] Copy Pods Resources";
			outputPaths = (
			);
			runOnlyForDeploymentPostprocessing = 0;
			shellPath = /bin/sh;
			shellScript = "\"${SRCROOT}/Pods/Target Support Files/Pods-Turtl/Pods-Turtl-resources.sh\"\n";
			showEnvVarsInLog = 0;
		};
		7529CC0942E4DD3779DD29C4 /* [CP] Check Pods Manifest.lock */ = {
			isa = PBXShellScriptBuildPhase;
			buildActionMask = 2147483647;
			files = (
			);
			inputPaths = (
				"${PODS_PODFILE_DIR_PATH}/Podfile.lock",
				"${PODS_ROOT}/Manifest.lock",
			);
			name = "[CP] Check Pods Manifest.lock";
			outputPaths = (
				"$(DERIVED_FILE_DIR)/Pods-Turtl-checkManifestLockResult.txt",
			);
			runOnlyForDeploymentPostprocessing = 0;
			shellPath = /bin/sh;
			shellScript = "diff \"${PODS_PODFILE_DIR_PATH}/Podfile.lock\" \"${PODS_ROOT}/Manifest.lock\" > /dev/null\nif [ $? != 0 ] ; then\n    # print error to STDERR\n    echo \"error: The sandbox is not in sync with the Podfile.lock. Run 'pod install' or update your CocoaPods installation.\" >&2\n    exit 1\nfi\n# This output is used by Xcode 'outputs' to avoid re-running this script phase.\necho \"SUCCESS\" > \"${SCRIPT_OUTPUT_FILE_0}\"\n";
			showEnvVarsInLog = 0;
		};
		A98ABB420A8A49C1D51D89A5 /* [CP] Embed Pods Frameworks */ = {
			isa = PBXShellScriptBuildPhase;
			buildActionMask = 2147483647;
			files = (
			);
			inputPaths = (
				"${SRCROOT}/Pods/Target Support Files/Pods-Turtl/Pods-Turtl-frameworks.sh",
				"${BUILT_PRODUCTS_DIR}/CryptoSwift/CryptoSwift.framework",
			);
			name = "[CP] Embed Pods Frameworks";
			outputPaths = (
				"${TARGET_BUILD_DIR}/${FRAMEWORKS_FOLDER_PATH}/CryptoSwift.framework",
			);
			runOnlyForDeploymentPostprocessing = 0;
			shellPath = /bin/sh;
			shellScript = "\"${SRCROOT}/Pods/Target Support Files/Pods-Turtl/Pods-Turtl-frameworks.sh\"\n";
			showEnvVarsInLog = 0;
		};
/* End PBXShellScriptBuildPhase section */

/* Begin PBXSourcesBuildPhase section */
		F16D4C3E20285B54005404A1 /* Sources */ = {
			isa = PBXSourcesBuildPhase;
			buildActionMask = 2147483647;
			files = (
				04054B8F2023E96C00660563 /* MainViewController.swift in Sources */,
				0476CD67202443A200504726 /* NotesListTableViewController.swift in Sources */,
				0476CD6920245DC500504726 /* ViewNoteController.swift in Sources */,
				F16D4C4820285B54005404A1 /* ViewController.swift in Sources */,
				F105635C2064C4A400D0FD75 /* BoardsListTableViewController.swift in Sources */,
				F16D4C4620285B54005404A1 /* AppDelegate.swift in Sources */,
				04054B912023E9A900660563 /* BoardsViewController.swift in Sources */,
				04054B932023E9B800660563 /* SharingViewController.swift in Sources */,
			);
			runOnlyForDeploymentPostprocessing = 0;
		};
		F16D4C5220285B54005404A1 /* Sources */ = {
			isa = PBXSourcesBuildPhase;
			buildActionMask = 2147483647;
			files = (
				F16D4C5B20285B54005404A1 /* TurtlTests.swift in Sources */,
			);
			runOnlyForDeploymentPostprocessing = 0;
		};
		F16D4C5D20285B54005404A1 /* Sources */ = {
			isa = PBXSourcesBuildPhase;
			buildActionMask = 2147483647;
			files = (
				F16D4C6620285B54005404A1 /* TurtlUITests.swift in Sources */,
			);
			runOnlyForDeploymentPostprocessing = 0;
		};
/* End PBXSourcesBuildPhase section */

/* Begin PBXTargetDependency section */
		F16D4C5820285B54005404A1 /* PBXTargetDependency */ = {
			isa = PBXTargetDependency;
			target = F16D4C4120285B54005404A1 /* Turtl */;
			targetProxy = F16D4C5720285B54005404A1 /* PBXContainerItemProxy */;
		};
		F16D4C6320285B54005404A1 /* PBXTargetDependency */ = {
			isa = PBXTargetDependency;
			target = F16D4C4120285B54005404A1 /* Turtl */;
			targetProxy = F16D4C6220285B54005404A1 /* PBXContainerItemProxy */;
		};
/* End PBXTargetDependency section */

/* Begin PBXVariantGroup section */
		F16D4C4920285B54005404A1 /* Main.storyboard */ = {
			isa = PBXVariantGroup;
			children = (
				F16D4C4A20285B54005404A1 /* Base */,
			);
			name = Main.storyboard;
			sourceTree = "<group>";
		};
		F16D4C4E20285B54005404A1 /* LaunchScreen.storyboard */ = {
			isa = PBXVariantGroup;
			children = (
				F16D4C4F20285B54005404A1 /* Base */,
			);
			name = LaunchScreen.storyboard;
			sourceTree = "<group>";
		};
/* End PBXVariantGroup section */

/* Begin XCBuildConfiguration section */
		F16D4C6820285B54005404A1 /* Debug */ = {
			isa = XCBuildConfiguration;
			buildSettings = {
				ALWAYS_SEARCH_USER_PATHS = NO;
				CLANG_ANALYZER_NONNULL = YES;
				CLANG_ANALYZER_NUMBER_OBJECT_CONVERSION = YES_AGGRESSIVE;
				CLANG_CXX_LANGUAGE_STANDARD = "gnu++14";
				CLANG_CXX_LIBRARY = "libc++";
				CLANG_ENABLE_MODULES = YES;
				CLANG_ENABLE_OBJC_ARC = YES;
				CLANG_WARN_BLOCK_CAPTURE_AUTORELEASING = YES;
				CLANG_WARN_BOOL_CONVERSION = YES;
				CLANG_WARN_COMMA = YES;
				CLANG_WARN_CONSTANT_CONVERSION = YES;
				CLANG_WARN_DIRECT_OBJC_ISA_USAGE = YES_ERROR;
				CLANG_WARN_DOCUMENTATION_COMMENTS = YES;
				CLANG_WARN_EMPTY_BODY = YES;
				CLANG_WARN_ENUM_CONVERSION = YES;
				CLANG_WARN_INFINITE_RECURSION = YES;
				CLANG_WARN_INT_CONVERSION = YES;
				CLANG_WARN_NON_LITERAL_NULL_CONVERSION = YES;
				CLANG_WARN_OBJC_LITERAL_CONVERSION = YES;
				CLANG_WARN_OBJC_ROOT_CLASS = YES_ERROR;
				CLANG_WARN_RANGE_LOOP_ANALYSIS = YES;
				CLANG_WARN_STRICT_PROTOTYPES = YES;
				CLANG_WARN_SUSPICIOUS_MOVE = YES;
				CLANG_WARN_UNGUARDED_AVAILABILITY = YES_AGGRESSIVE;
				CLANG_WARN_UNREACHABLE_CODE = YES;
				CLANG_WARN__DUPLICATE_METHOD_MATCH = YES;
				CODE_SIGN_IDENTITY = "iPhone Developer";
				COPY_PHASE_STRIP = NO;
				DEBUG_INFORMATION_FORMAT = dwarf;
				ENABLE_STRICT_OBJC_MSGSEND = YES;
				ENABLE_TESTABILITY = YES;
				GCC_C_LANGUAGE_STANDARD = gnu11;
				GCC_DYNAMIC_NO_PIC = NO;
				GCC_NO_COMMON_BLOCKS = YES;
				GCC_OPTIMIZATION_LEVEL = 0;
				GCC_PREPROCESSOR_DEFINITIONS = (
					"DEBUG=1",
					"$(inherited)",
				);
				GCC_WARN_64_TO_32_BIT_CONVERSION = YES;
				GCC_WARN_ABOUT_RETURN_TYPE = YES_ERROR;
				GCC_WARN_UNDECLARED_SELECTOR = YES;
				GCC_WARN_UNINITIALIZED_AUTOS = YES_AGGRESSIVE;
				GCC_WARN_UNUSED_FUNCTION = YES;
				GCC_WARN_UNUSED_VARIABLE = YES;
				IPHONEOS_DEPLOYMENT_TARGET = 11.2;
				MTL_ENABLE_DEBUG_INFO = YES;
				ONLY_ACTIVE_ARCH = YES;
				SDKROOT = iphoneos;
				SWIFT_ACTIVE_COMPILATION_CONDITIONS = DEBUG;
				SWIFT_OPTIMIZATION_LEVEL = "-Onone";
			};
			name = Debug;
		};
		F16D4C6920285B54005404A1 /* Release */ = {
			isa = XCBuildConfiguration;
			buildSettings = {
				ALWAYS_SEARCH_USER_PATHS = NO;
				CLANG_ANALYZER_NONNULL = YES;
				CLANG_ANALYZER_NUMBER_OBJECT_CONVERSION = YES_AGGRESSIVE;
				CLANG_CXX_LANGUAGE_STANDARD = "gnu++14";
				CLANG_CXX_LIBRARY = "libc++";
				CLANG_ENABLE_MODULES = YES;
				CLANG_ENABLE_OBJC_ARC = YES;
				CLANG_WARN_BLOCK_CAPTURE_AUTORELEASING = YES;
				CLANG_WARN_BOOL_CONVERSION = YES;
				CLANG_WARN_COMMA = YES;
				CLANG_WARN_CONSTANT_CONVERSION = YES;
				CLANG_WARN_DIRECT_OBJC_ISA_USAGE = YES_ERROR;
				CLANG_WARN_DOCUMENTATION_COMMENTS = YES;
				CLANG_WARN_EMPTY_BODY = YES;
				CLANG_WARN_ENUM_CONVERSION = YES;
				CLANG_WARN_INFINITE_RECURSION = YES;
				CLANG_WARN_INT_CONVERSION = YES;
				CLANG_WARN_NON_LITERAL_NULL_CONVERSION = YES;
				CLANG_WARN_OBJC_LITERAL_CONVERSION = YES;
				CLANG_WARN_OBJC_ROOT_CLASS = YES_ERROR;
				CLANG_WARN_RANGE_LOOP_ANALYSIS = YES;
				CLANG_WARN_STRICT_PROTOTYPES = YES;
				CLANG_WARN_SUSPICIOUS_MOVE = YES;
				CLANG_WARN_UNGUARDED_AVAILABILITY = YES_AGGRESSIVE;
				CLANG_WARN_UNREACHABLE_CODE = YES;
				CLANG_WARN__DUPLICATE_METHOD_MATCH = YES;
				CODE_SIGN_IDENTITY = "iPhone Developer";
				COPY_PHASE_STRIP = NO;
				DEBUG_INFORMATION_FORMAT = "dwarf-with-dsym";
				ENABLE_NS_ASSERTIONS = NO;
				ENABLE_STRICT_OBJC_MSGSEND = YES;
				GCC_C_LANGUAGE_STANDARD = gnu11;
				GCC_NO_COMMON_BLOCKS = YES;
				GCC_WARN_64_TO_32_BIT_CONVERSION = YES;
				GCC_WARN_ABOUT_RETURN_TYPE = YES_ERROR;
				GCC_WARN_UNDECLARED_SELECTOR = YES;
				GCC_WARN_UNINITIALIZED_AUTOS = YES_AGGRESSIVE;
				GCC_WARN_UNUSED_FUNCTION = YES;
				GCC_WARN_UNUSED_VARIABLE = YES;
				IPHONEOS_DEPLOYMENT_TARGET = 11.2;
				MTL_ENABLE_DEBUG_INFO = NO;
				SDKROOT = iphoneos;
				SWIFT_OPTIMIZATION_LEVEL = "-Owholemodule";
				VALIDATE_PRODUCT = YES;
			};
			name = Release;
		};
		F16D4C6B20285B54005404A1 /* Debug */ = {
			isa = XCBuildConfiguration;
			baseConfigurationReference = EA3EB341B131B04BCC9068FA /* Pods-Turtl.debug.xcconfig */;
			buildSettings = {
				ASSETCATALOG_COMPILER_APPICON_NAME = AppIcon;
				CODE_SIGN_STYLE = Automatic;
				INFOPLIST_FILE = Turtl/Info.plist;
				LD_RUNPATH_SEARCH_PATHS = "$(inherited) @executable_path/Frameworks";
				PRODUCT_BUNDLE_IDENTIFIER = com.BrianSy.Turtl;
				PRODUCT_NAME = "$(TARGET_NAME)";
				SWIFT_VERSION = 4.0;
				TARGETED_DEVICE_FAMILY = "1,2";
			};
			name = Debug;
		};
		F16D4C6C20285B54005404A1 /* Release */ = {
			isa = XCBuildConfiguration;
			baseConfigurationReference = FA2829430AA6D24D6AA31CE9 /* Pods-Turtl.release.xcconfig */;
			buildSettings = {
				ASSETCATALOG_COMPILER_APPICON_NAME = AppIcon;
				CODE_SIGN_STYLE = Automatic;
				INFOPLIST_FILE = Turtl/Info.plist;
				LD_RUNPATH_SEARCH_PATHS = "$(inherited) @executable_path/Frameworks";
				PRODUCT_BUNDLE_IDENTIFIER = com.BrianSy.Turtl;
				PRODUCT_NAME = "$(TARGET_NAME)";
				SWIFT_VERSION = 4.0;
				TARGETED_DEVICE_FAMILY = "1,2";
			};
			name = Release;
		};
		F16D4C6E20285B54005404A1 /* Debug */ = {
			isa = XCBuildConfiguration;
			buildSettings = {
				ALWAYS_EMBED_SWIFT_STANDARD_LIBRARIES = YES;
				BUNDLE_LOADER = "$(TEST_HOST)";
				CODE_SIGN_STYLE = Automatic;
				INFOPLIST_FILE = TurtlTests/Info.plist;
				LD_RUNPATH_SEARCH_PATHS = "$(inherited) @executable_path/Frameworks @loader_path/Frameworks";
				PRODUCT_BUNDLE_IDENTIFIER = com.BrianSy.TurtlTests;
				PRODUCT_NAME = "$(TARGET_NAME)";
				SWIFT_VERSION = 4.0;
				TARGETED_DEVICE_FAMILY = "1,2";
				TEST_HOST = "$(BUILT_PRODUCTS_DIR)/Turtl.app/Turtl";
			};
			name = Debug;
		};
		F16D4C6F20285B54005404A1 /* Release */ = {
			isa = XCBuildConfiguration;
			buildSettings = {
				ALWAYS_EMBED_SWIFT_STANDARD_LIBRARIES = YES;
				BUNDLE_LOADER = "$(TEST_HOST)";
				CODE_SIGN_STYLE = Automatic;
				INFOPLIST_FILE = TurtlTests/Info.plist;
				LD_RUNPATH_SEARCH_PATHS = "$(inherited) @executable_path/Frameworks @loader_path/Frameworks";
				PRODUCT_BUNDLE_IDENTIFIER = com.BrianSy.TurtlTests;
				PRODUCT_NAME = "$(TARGET_NAME)";
				SWIFT_VERSION = 4.0;
				TARGETED_DEVICE_FAMILY = "1,2";
				TEST_HOST = "$(BUILT_PRODUCTS_DIR)/Turtl.app/Turtl";
			};
			name = Release;
		};
		F16D4C7120285B54005404A1 /* Debug */ = {
			isa = XCBuildConfiguration;
			buildSettings = {
				ALWAYS_EMBED_SWIFT_STANDARD_LIBRARIES = YES;
				CODE_SIGN_STYLE = Automatic;
				INFOPLIST_FILE = TurtlUITests/Info.plist;
				LD_RUNPATH_SEARCH_PATHS = "$(inherited) @executable_path/Frameworks @loader_path/Frameworks";
				PRODUCT_BUNDLE_IDENTIFIER = com.BrianSy.TurtlUITests;
				PRODUCT_NAME = "$(TARGET_NAME)";
				SWIFT_VERSION = 4.0;
				TARGETED_DEVICE_FAMILY = "1,2";
				TEST_TARGET_NAME = Turtl;
			};
			name = Debug;
		};
		F16D4C7220285B54005404A1 /* Release */ = {
			isa = XCBuildConfiguration;
			buildSettings = {
				ALWAYS_EMBED_SWIFT_STANDARD_LIBRARIES = YES;
				CODE_SIGN_STYLE = Automatic;
				INFOPLIST_FILE = TurtlUITests/Info.plist;
				LD_RUNPATH_SEARCH_PATHS = "$(inherited) @executable_path/Frameworks @loader_path/Frameworks";
				PRODUCT_BUNDLE_IDENTIFIER = com.BrianSy.TurtlUITests;
				PRODUCT_NAME = "$(TARGET_NAME)";
				SWIFT_VERSION = 4.0;
				TARGETED_DEVICE_FAMILY = "1,2";
				TEST_TARGET_NAME = Turtl;
			};
			name = Release;
		};
/* End XCBuildConfiguration section */

/* Begin XCConfigurationList section */
		F16D4C3D20285B54005404A1 /* Build configuration list for PBXProject "Turtl" */ = {
			isa = XCConfigurationList;
			buildConfigurations = (
				F16D4C6820285B54005404A1 /* Debug */,
				F16D4C6920285B54005404A1 /* Release */,
			);
			defaultConfigurationIsVisible = 0;
			defaultConfigurationName = Release;
		};
		F16D4C6A20285B54005404A1 /* Build configuration list for PBXNativeTarget "Turtl" */ = {
			isa = XCConfigurationList;
			buildConfigurations = (
				F16D4C6B20285B54005404A1 /* Debug */,
				F16D4C6C20285B54005404A1 /* Release */,
			);
			defaultConfigurationIsVisible = 0;
			defaultConfigurationName = Release;
		};
		F16D4C6D20285B54005404A1 /* Build configuration list for PBXNativeTarget "TurtlTests" */ = {
			isa = XCConfigurationList;
			buildConfigurations = (
				F16D4C6E20285B54005404A1 /* Debug */,
				F16D4C6F20285B54005404A1 /* Release */,
			);
			defaultConfigurationIsVisible = 0;
			defaultConfigurationName = Release;
		};
		F16D4C7020285B54005404A1 /* Build configuration list for PBXNativeTarget "TurtlUITests" */ = {
			isa = XCConfigurationList;
			buildConfigurations = (
				F16D4C7120285B54005404A1 /* Debug */,
				F16D4C7220285B54005404A1 /* Release */,
			);
			defaultConfigurationIsVisible = 0;
			defaultConfigurationName = Release;
		};
/* End XCConfigurationList section */
	};
	rootObject = F16D4C3A20285B54005404A1 /* Project object */;
}
