// !$*UTF8*$!
{
	archiveVersion = 1;
	classes = {
	};
	objectVersion = 48;
	objects = {

/* Begin PBXBuildFile section */
		F16321F2201D562D00D2B275 /* AppDelegate.swift in Sources */ = {isa = PBXBuildFile; fileRef = F16321F1201D562D00D2B275 /* AppDelegate.swift */; };
		F16321F4201D562D00D2B275 /* ViewController.swift in Sources */ = {isa = PBXBuildFile; fileRef = F16321F3201D562D00D2B275 /* ViewController.swift */; };
		F16321F7201D562D00D2B275 /* Main.storyboard in Resources */ = {isa = PBXBuildFile; fileRef = F16321F5201D562D00D2B275 /* Main.storyboard */; };
		F16321F9201D562D00D2B275 /* Assets.xcassets in Resources */ = {isa = PBXBuildFile; fileRef = F16321F8201D562D00D2B275 /* Assets.xcassets */; };
		F16321FC201D562D00D2B275 /* LaunchScreen.storyboard in Resources */ = {isa = PBXBuildFile; fileRef = F16321FA201D562D00D2B275 /* LaunchScreen.storyboard */; };
		F1632207201D562D00D2B275 /* testTests.swift in Sources */ = {isa = PBXBuildFile; fileRef = F1632206201D562D00D2B275 /* testTests.swift */; };
		F1632212201D562D00D2B275 /* testUITests.swift in Sources */ = {isa = PBXBuildFile; fileRef = F1632211201D562D00D2B275 /* testUITests.swift */; };
/* End PBXBuildFile section */

/* Begin PBXContainerItemProxy section */
		F1632203201D562D00D2B275 /* PBXContainerItemProxy */ = {
			isa = PBXContainerItemProxy;
			containerPortal = F16321E6201D562D00D2B275 /* Project object */;
			proxyType = 1;
			remoteGlobalIDString = F16321ED201D562D00D2B275;
			remoteInfo = test;
		};
		F163220E201D562D00D2B275 /* PBXContainerItemProxy */ = {
			isa = PBXContainerItemProxy;
			containerPortal = F16321E6201D562D00D2B275 /* Project object */;
			proxyType = 1;
			remoteGlobalIDString = F16321ED201D562D00D2B275;
			remoteInfo = test;
		};
/* End PBXContainerItemProxy section */

/* Begin PBXFileReference section */
		F16321EE201D562D00D2B275 /* test.app */ = {isa = PBXFileReference; explicitFileType = wrapper.application; includeInIndex = 0; path = test.app; sourceTree = BUILT_PRODUCTS_DIR; };
		F16321F1201D562D00D2B275 /* AppDelegate.swift */ = {isa = PBXFileReference; lastKnownFileType = sourcecode.swift; path = AppDelegate.swift; sourceTree = "<group>"; };
		F16321F3201D562D00D2B275 /* ViewController.swift */ = {isa = PBXFileReference; lastKnownFileType = sourcecode.swift; path = ViewController.swift; sourceTree = "<group>"; };
		F16321F6201D562D00D2B275 /* Base */ = {isa = PBXFileReference; lastKnownFileType = file.storyboard; name = Base; path = Base.lproj/Main.storyboard; sourceTree = "<group>"; };
		F16321F8201D562D00D2B275 /* Assets.xcassets */ = {isa = PBXFileReference; lastKnownFileType = folder.assetcatalog; path = Assets.xcassets; sourceTree = "<group>"; };
		F16321FB201D562D00D2B275 /* Base */ = {isa = PBXFileReference; lastKnownFileType = file.storyboard; name = Base; path = Base.lproj/LaunchScreen.storyboard; sourceTree = "<group>"; };
		F16321FD201D562D00D2B275 /* Info.plist */ = {isa = PBXFileReference; lastKnownFileType = text.plist.xml; path = Info.plist; sourceTree = "<group>"; };
		F1632202201D562D00D2B275 /* testTests.xctest */ = {isa = PBXFileReference; explicitFileType = wrapper.cfbundle; includeInIndex = 0; path = testTests.xctest; sourceTree = BUILT_PRODUCTS_DIR; };
		F1632206201D562D00D2B275 /* testTests.swift */ = {isa = PBXFileReference; lastKnownFileType = sourcecode.swift; path = testTests.swift; sourceTree = "<group>"; };
		F1632208201D562D00D2B275 /* Info.plist */ = {isa = PBXFileReference; lastKnownFileType = text.plist.xml; path = Info.plist; sourceTree = "<group>"; };
		F163220D201D562D00D2B275 /* testUITests.xctest */ = {isa = PBXFileReference; explicitFileType = wrapper.cfbundle; includeInIndex = 0; path = testUITests.xctest; sourceTree = BUILT_PRODUCTS_DIR; };
		F1632211201D562D00D2B275 /* testUITests.swift */ = {isa = PBXFileReference; lastKnownFileType = sourcecode.swift; path = testUITests.swift; sourceTree = "<group>"; };
		F1632213201D562E00D2B275 /* Info.plist */ = {isa = PBXFileReference; lastKnownFileType = text.plist.xml; path = Info.plist; sourceTree = "<group>"; };
/* End PBXFileReference section */

/* Begin PBXFrameworksBuildPhase section */
		F16321EB201D562D00D2B275 /* Frameworks */ = {
			isa = PBXFrameworksBuildPhase;
			buildActionMask = 2147483647;
			files = (
			);
			runOnlyForDeploymentPostprocessing = 0;
		};
		F16321FF201D562D00D2B275 /* Frameworks */ = {
			isa = PBXFrameworksBuildPhase;
			buildActionMask = 2147483647;
			files = (
			);
			runOnlyForDeploymentPostprocessing = 0;
		};
		F163220A201D562D00D2B275 /* Frameworks */ = {
			isa = PBXFrameworksBuildPhase;
			buildActionMask = 2147483647;
			files = (
			);
			runOnlyForDeploymentPostprocessing = 0;
		};
/* End PBXFrameworksBuildPhase section */

/* Begin PBXGroup section */
		F16321E5201D562D00D2B275 = {
			isa = PBXGroup;
			children = (
				F16321F0201D562D00D2B275 /* test */,
				F1632205201D562D00D2B275 /* testTests */,
				F1632210201D562D00D2B275 /* testUITests */,
				F16321EF201D562D00D2B275 /* Products */,
			);
			sourceTree = "<group>";
		};
		F16321EF201D562D00D2B275 /* Products */ = {
			isa = PBXGroup;
			children = (
				F16321EE201D562D00D2B275 /* test.app */,
				F1632202201D562D00D2B275 /* testTests.xctest */,
				F163220D201D562D00D2B275 /* testUITests.xctest */,
			);
			name = Products;
			sourceTree = "<group>";
		};
		F16321F0201D562D00D2B275 /* test */ = {
			isa = PBXGroup;
			children = (
				F16321F1201D562D00D2B275 /* AppDelegate.swift */,
				F16321F3201D562D00D2B275 /* ViewController.swift */,
				F16321F5201D562D00D2B275 /* Main.storyboard */,
				F16321F8201D562D00D2B275 /* Assets.xcassets */,
				F16321FA201D562D00D2B275 /* LaunchScreen.storyboard */,
				F16321FD201D562D00D2B275 /* Info.plist */,
			);
			path = test;
			sourceTree = "<group>";
		};
		F1632205201D562D00D2B275 /* testTests */ = {
			isa = PBXGroup;
			children = (
				F1632206201D562D00D2B275 /* testTests.swift */,
				F1632208201D562D00D2B275 /* Info.plist */,
			);
			path = testTests;
			sourceTree = "<group>";
		};
		F1632210201D562D00D2B275 /* testUITests */ = {
			isa = PBXGroup;
			children = (
				F1632211201D562D00D2B275 /* testUITests.swift */,
				F1632213201D562E00D2B275 /* Info.plist */,
			);
			path = testUITests;
			sourceTree = "<group>";
		};
/* End PBXGroup section */

/* Begin PBXNativeTarget section */
		F16321ED201D562D00D2B275 /* test */ = {
			isa = PBXNativeTarget;
			buildConfigurationList = F1632216201D562E00D2B275 /* Build configuration list for PBXNativeTarget "test" */;
			buildPhases = (
				F16321EA201D562D00D2B275 /* Sources */,
				F16321EB201D562D00D2B275 /* Frameworks */,
				F16321EC201D562D00D2B275 /* Resources */,
			);
			buildRules = (
			);
			dependencies = (
			);
			name = test;
			productName = test;
			productReference = F16321EE201D562D00D2B275 /* test.app */;
			productType = "com.apple.product-type.application";
		};
		F1632201201D562D00D2B275 /* testTests */ = {
			isa = PBXNativeTarget;
			buildConfigurationList = F1632219201D562E00D2B275 /* Build configuration list for PBXNativeTarget "testTests" */;
			buildPhases = (
				F16321FE201D562D00D2B275 /* Sources */,
				F16321FF201D562D00D2B275 /* Frameworks */,
				F1632200201D562D00D2B275 /* Resources */,
			);
			buildRules = (
			);
			dependencies = (
				F1632204201D562D00D2B275 /* PBXTargetDependency */,
			);
			name = testTests;
			productName = testTests;
			productReference = F1632202201D562D00D2B275 /* testTests.xctest */;
			productType = "com.apple.product-type.bundle.unit-test";
		};
		F163220C201D562D00D2B275 /* testUITests */ = {
			isa = PBXNativeTarget;
			buildConfigurationList = F163221C201D562E00D2B275 /* Build configuration list for PBXNativeTarget "testUITests" */;
			buildPhases = (
				F1632209201D562D00D2B275 /* Sources */,
				F163220A201D562D00D2B275 /* Frameworks */,
				F163220B201D562D00D2B275 /* Resources */,
			);
			buildRules = (
			);
			dependencies = (
				F163220F201D562D00D2B275 /* PBXTargetDependency */,
			);
			name = testUITests;
			productName = testUITests;
			productReference = F163220D201D562D00D2B275 /* testUITests.xctest */;
			productType = "com.apple.product-type.bundle.ui-testing";
		};
/* End PBXNativeTarget section */

/* Begin PBXProject section */
		F16321E6201D562D00D2B275 /* Project object */ = {
			isa = PBXProject;
			attributes = {
				LastSwiftUpdateCheck = 0920;
				LastUpgradeCheck = 0920;
				ORGANIZATIONNAME = "Brian Sy";
				TargetAttributes = {
					F16321ED201D562D00D2B275 = {
						CreatedOnToolsVersion = 9.2;
						ProvisioningStyle = Automatic;
					};
					F1632201201D562D00D2B275 = {
						CreatedOnToolsVersion = 9.2;
						ProvisioningStyle = Automatic;
						TestTargetID = F16321ED201D562D00D2B275;
					};
					F163220C201D562D00D2B275 = {
						CreatedOnToolsVersion = 9.2;
						ProvisioningStyle = Automatic;
						TestTargetID = F16321ED201D562D00D2B275;
					};
				};
			};
			buildConfigurationList = F16321E9201D562D00D2B275 /* Build configuration list for PBXProject "test" */;
			compatibilityVersion = "Xcode 8.0";
			developmentRegion = en;
			hasScannedForEncodings = 0;
			knownRegions = (
				en,
				Base,
			);
			mainGroup = F16321E5201D562D00D2B275;
			productRefGroup = F16321EF201D562D00D2B275 /* Products */;
			projectDirPath = "";
			projectRoot = "";
			targets = (
				F16321ED201D562D00D2B275 /* test */,
				F1632201201D562D00D2B275 /* testTests */,
				F163220C201D562D00D2B275 /* testUITests */,
			);
		};
/* End PBXProject section */

/* Begin PBXResourcesBuildPhase section */
		F16321EC201D562D00D2B275 /* Resources */ = {
			isa = PBXResourcesBuildPhase;
			buildActionMask = 2147483647;
			files = (
				F16321FC201D562D00D2B275 /* LaunchScreen.storyboard in Resources */,
				F16321F9201D562D00D2B275 /* Assets.xcassets in Resources */,
				F16321F7201D562D00D2B275 /* Main.storyboard in Resources */,
			);
			runOnlyForDeploymentPostprocessing = 0;
		};
		F1632200201D562D00D2B275 /* Resources */ = {
			isa = PBXResourcesBuildPhase;
			buildActionMask = 2147483647;
			files = (
			);
			runOnlyForDeploymentPostprocessing = 0;
		};
		F163220B201D562D00D2B275 /* Resources */ = {
			isa = PBXResourcesBuildPhase;
			buildActionMask = 2147483647;
			files = (
			);
			runOnlyForDeploymentPostprocessing = 0;
		};
/* End PBXResourcesBuildPhase section */

/* Begin PBXSourcesBuildPhase section */
		F16321EA201D562D00D2B275 /* Sources */ = {
			isa = PBXSourcesBuildPhase;
			buildActionMask = 2147483647;
			files = (
				F16321F4201D562D00D2B275 /* ViewController.swift in Sources */,
				F16321F2201D562D00D2B275 /* AppDelegate.swift in Sources */,
			);
			runOnlyForDeploymentPostprocessing = 0;
		};
		F16321FE201D562D00D2B275 /* Sources */ = {
			isa = PBXSourcesBuildPhase;
			buildActionMask = 2147483647;
			files = (
				F1632207201D562D00D2B275 /* testTests.swift in Sources */,
			);
			runOnlyForDeploymentPostprocessing = 0;
		};
		F1632209201D562D00D2B275 /* Sources */ = {
			isa = PBXSourcesBuildPhase;
			buildActionMask = 2147483647;
			files = (
				F1632212201D562D00D2B275 /* testUITests.swift in Sources */,
			);
			runOnlyForDeploymentPostprocessing = 0;
		};
/* End PBXSourcesBuildPhase section */

/* Begin PBXTargetDependency section */
		F1632204201D562D00D2B275 /* PBXTargetDependency */ = {
			isa = PBXTargetDependency;
			target = F16321ED201D562D00D2B275 /* test */;
			targetProxy = F1632203201D562D00D2B275 /* PBXContainerItemProxy */;
		};
		F163220F201D562D00D2B275 /* PBXTargetDependency */ = {
			isa = PBXTargetDependency;
			target = F16321ED201D562D00D2B275 /* test */;
			targetProxy = F163220E201D562D00D2B275 /* PBXContainerItemProxy */;
		};
/* End PBXTargetDependency section */

/* Begin PBXVariantGroup section */
		F16321F5201D562D00D2B275 /* Main.storyboard */ = {
			isa = PBXVariantGroup;
			children = (
				F16321F6201D562D00D2B275 /* Base */,
			);
			name = Main.storyboard;
			sourceTree = "<group>";
		};
		F16321FA201D562D00D2B275 /* LaunchScreen.storyboard */ = {
			isa = PBXVariantGroup;
			children = (
				F16321FB201D562D00D2B275 /* Base */,
			);
			name = LaunchScreen.storyboard;
			sourceTree = "<group>";
		};
/* End PBXVariantGroup section */

/* Begin XCBuildConfiguration section */
		F1632214201D562E00D2B275 /* Debug */ = {
			isa = XCBuildConfiguration;
			buildSettings = {
				ALWAYS_SEARCH_USER_PATHS = NO;
				CLANG_ANALYZER_NONNULL = YES;
				CLANG_ANALYZER_NUMBER_OBJECT_CONVERSION = YES_AGGRESSIVE;
				CLANG_CXX_LANGUAGE_STANDARD = "gnu++14";
				CLANG_CXX_LIBRARY = "libc++";
				CLANG_ENABLE_MODULES = YES;
				CLANG_ENABLE_OBJC_ARC = YES;
				CLANG_WARN_BLOCK_CAPTURE_AUTORELEASING = YES;
				CLANG_WARN_BOOL_CONVERSION = YES;
				CLANG_WARN_COMMA = YES;
				CLANG_WARN_CONSTANT_CONVERSION = YES;
				CLANG_WARN_DIRECT_OBJC_ISA_USAGE = YES_ERROR;
				CLANG_WARN_DOCUMENTATION_COMMENTS = YES;
				CLANG_WARN_EMPTY_BODY = YES;
				CLANG_WARN_ENUM_CONVERSION = YES;
				CLANG_WARN_INFINITE_RECURSION = YES;
				CLANG_WARN_INT_CONVERSION = YES;
				CLANG_WARN_NON_LITERAL_NULL_CONVERSION = YES;
				CLANG_WARN_OBJC_LITERAL_CONVERSION = YES;
				CLANG_WARN_OBJC_ROOT_CLASS = YES_ERROR;
				CLANG_WARN_RANGE_LOOP_ANALYSIS = YES;
				CLANG_WARN_STRICT_PROTOTYPES = YES;
				CLANG_WARN_SUSPICIOUS_MOVE = YES;
				CLANG_WARN_UNGUARDED_AVAILABILITY = YES_AGGRESSIVE;
				CLANG_WARN_UNREACHABLE_CODE = YES;
				CLANG_WARN__DUPLICATE_METHOD_MATCH = YES;
				CODE_SIGN_IDENTITY = "iPhone Developer";
				COPY_PHASE_STRIP = NO;
				DEBUG_INFORMATION_FORMAT = dwarf;
				ENABLE_STRICT_OBJC_MSGSEND = YES;
				ENABLE_TESTABILITY = YES;
				GCC_C_LANGUAGE_STANDARD = gnu11;
				GCC_DYNAMIC_NO_PIC = NO;
				GCC_NO_COMMON_BLOCKS = YES;
				GCC_OPTIMIZATION_LEVEL = 0;
				GCC_PREPROCESSOR_DEFINITIONS = (
					"DEBUG=1",
					"$(inherited)",
				);
				GCC_WARN_64_TO_32_BIT_CONVERSION = YES;
				GCC_WARN_ABOUT_RETURN_TYPE = YES_ERROR;
				GCC_WARN_UNDECLARED_SELECTOR = YES;
				GCC_WARN_UNINITIALIZED_AUTOS = YES_AGGRESSIVE;
				GCC_WARN_UNUSED_FUNCTION = YES;
				GCC_WARN_UNUSED_VARIABLE = YES;
				IPHONEOS_DEPLOYMENT_TARGET = 11.2;
				MTL_ENABLE_DEBUG_INFO = YES;
				ONLY_ACTIVE_ARCH = YES;
				SDKROOT = iphoneos;
				SWIFT_ACTIVE_COMPILATION_CONDITIONS = DEBUG;
				SWIFT_OPTIMIZATION_LEVEL = "-Onone";
			};
			name = Debug;
		};
		F1632215201D562E00D2B275 /* Release */ = {
			isa = XCBuildConfiguration;
			buildSettings = {
				ALWAYS_SEARCH_USER_PATHS = NO;
				CLANG_ANALYZER_NONNULL = YES;
				CLANG_ANALYZER_NUMBER_OBJECT_CONVERSION = YES_AGGRESSIVE;
				CLANG_CXX_LANGUAGE_STANDARD = "gnu++14";
				CLANG_CXX_LIBRARY = "libc++";
				CLANG_ENABLE_MODULES = YES;
				CLANG_ENABLE_OBJC_ARC = YES;
				CLANG_WARN_BLOCK_CAPTURE_AUTORELEASING = YES;
				CLANG_WARN_BOOL_CONVERSION = YES;
				CLANG_WARN_COMMA = YES;
				CLANG_WARN_CONSTANT_CONVERSION = YES;
				CLANG_WARN_DIRECT_OBJC_ISA_USAGE = YES_ERROR;
				CLANG_WARN_DOCUMENTATION_COMMENTS = YES;
				CLANG_WARN_EMPTY_BODY = YES;
				CLANG_WARN_ENUM_CONVERSION = YES;
				CLANG_WARN_INFINITE_RECURSION = YES;
				CLANG_WARN_INT_CONVERSION = YES;
				CLANG_WARN_NON_LITERAL_NULL_CONVERSION = YES;
				CLANG_WARN_OBJC_LITERAL_CONVERSION = YES;
				CLANG_WARN_OBJC_ROOT_CLASS = YES_ERROR;
				CLANG_WARN_RANGE_LOOP_ANALYSIS = YES;
				CLANG_WARN_STRICT_PROTOTYPES = YES;
				CLANG_WARN_SUSPICIOUS_MOVE = YES;
				CLANG_WARN_UNGUARDED_AVAILABILITY = YES_AGGRESSIVE;
				CLANG_WARN_UNREACHABLE_CODE = YES;
				CLANG_WARN__DUPLICATE_METHOD_MATCH = YES;
				CODE_SIGN_IDENTITY = "iPhone Developer";
				COPY_PHASE_STRIP = NO;
				DEBUG_INFORMATION_FORMAT = "dwarf-with-dsym";
				ENABLE_NS_ASSERTIONS = NO;
				ENABLE_STRICT_OBJC_MSGSEND = YES;
				GCC_C_LANGUAGE_STANDARD = gnu11;
				GCC_NO_COMMON_BLOCKS = YES;
				GCC_WARN_64_TO_32_BIT_CONVERSION = YES;
				GCC_WARN_ABOUT_RETURN_TYPE = YES_ERROR;
				GCC_WARN_UNDECLARED_SELECTOR = YES;
				GCC_WARN_UNINITIALIZED_AUTOS = YES_AGGRESSIVE;
				GCC_WARN_UNUSED_FUNCTION = YES;
				GCC_WARN_UNUSED_VARIABLE = YES;
				IPHONEOS_DEPLOYMENT_TARGET = 11.2;
				MTL_ENABLE_DEBUG_INFO = NO;
				SDKROOT = iphoneos;
				SWIFT_OPTIMIZATION_LEVEL = "-Owholemodule";
				VALIDATE_PRODUCT = YES;
			};
			name = Release;
		};
		F1632217201D562E00D2B275 /* Debug */ = {
			isa = XCBuildConfiguration;
			buildSettings = {
				ASSETCATALOG_COMPILER_APPICON_NAME = AppIcon;
				CODE_SIGN_STYLE = Automatic;
				INFOPLIST_FILE = test/Info.plist;
				LD_RUNPATH_SEARCH_PATHS = "$(inherited) @executable_path/Frameworks";
				PRODUCT_BUNDLE_IDENTIFIER = com.BrianSy.test;
				PRODUCT_NAME = "$(TARGET_NAME)";
				SWIFT_VERSION = 4.0;
				TARGETED_DEVICE_FAMILY = "1,2";
			};
			name = Debug;
		};
		F1632218201D562E00D2B275 /* Release */ = {
			isa = XCBuildConfiguration;
			buildSettings = {
				ASSETCATALOG_COMPILER_APPICON_NAME = AppIcon;
				CODE_SIGN_STYLE = Automatic;
				INFOPLIST_FILE = test/Info.plist;
				LD_RUNPATH_SEARCH_PATHS = "$(inherited) @executable_path/Frameworks";
				PRODUCT_BUNDLE_IDENTIFIER = com.BrianSy.test;
				PRODUCT_NAME = "$(TARGET_NAME)";
				SWIFT_VERSION = 4.0;
				TARGETED_DEVICE_FAMILY = "1,2";
			};
			name = Release;
		};
		F163221A201D562E00D2B275 /* Debug */ = {
			isa = XCBuildConfiguration;
			buildSettings = {
				ALWAYS_EMBED_SWIFT_STANDARD_LIBRARIES = YES;
				BUNDLE_LOADER = "$(TEST_HOST)";
				CODE_SIGN_STYLE = Automatic;
				INFOPLIST_FILE = testTests/Info.plist;
				LD_RUNPATH_SEARCH_PATHS = "$(inherited) @executable_path/Frameworks @loader_path/Frameworks";
				PRODUCT_BUNDLE_IDENTIFIER = com.BrianSy.testTests;
				PRODUCT_NAME = "$(TARGET_NAME)";
				SWIFT_VERSION = 4.0;
				TARGETED_DEVICE_FAMILY = "1,2";
				TEST_HOST = "$(BUILT_PRODUCTS_DIR)/test.app/test";
			};
			name = Debug;
		};
		F163221B201D562E00D2B275 /* Release */ = {
			isa = XCBuildConfiguration;
			buildSettings = {
				ALWAYS_EMBED_SWIFT_STANDARD_LIBRARIES = YES;
				BUNDLE_LOADER = "$(TEST_HOST)";
				CODE_SIGN_STYLE = Automatic;
				INFOPLIST_FILE = testTests/Info.plist;
				LD_RUNPATH_SEARCH_PATHS = "$(inherited) @executable_path/Frameworks @loader_path/Frameworks";
				PRODUCT_BUNDLE_IDENTIFIER = com.BrianSy.testTests;
				PRODUCT_NAME = "$(TARGET_NAME)";
				SWIFT_VERSION = 4.0;
				TARGETED_DEVICE_FAMILY = "1,2";
				TEST_HOST = "$(BUILT_PRODUCTS_DIR)/test.app/test";
			};
			name = Release;
		};
		F163221D201D562E00D2B275 /* Debug */ = {
			isa = XCBuildConfiguration;
			buildSettings = {
				ALWAYS_EMBED_SWIFT_STANDARD_LIBRARIES = YES;
				CODE_SIGN_STYLE = Automatic;
				INFOPLIST_FILE = testUITests/Info.plist;
				LD_RUNPATH_SEARCH_PATHS = "$(inherited) @executable_path/Frameworks @loader_path/Frameworks";
				PRODUCT_BUNDLE_IDENTIFIER = com.BrianSy.testUITests;
				PRODUCT_NAME = "$(TARGET_NAME)";
				SWIFT_VERSION = 4.0;
				TARGETED_DEVICE_FAMILY = "1,2";
				TEST_TARGET_NAME = test;
			};
			name = Debug;
		};
		F163221E201D562E00D2B275 /* Release */ = {
			isa = XCBuildConfiguration;
			buildSettings = {
				ALWAYS_EMBED_SWIFT_STANDARD_LIBRARIES = YES;
				CODE_SIGN_STYLE = Automatic;
				INFOPLIST_FILE = testUITests/Info.plist;
				LD_RUNPATH_SEARCH_PATHS = "$(inherited) @executable_path/Frameworks @loader_path/Frameworks";
				PRODUCT_BUNDLE_IDENTIFIER = com.BrianSy.testUITests;
				PRODUCT_NAME = "$(TARGET_NAME)";
				SWIFT_VERSION = 4.0;
				TARGETED_DEVICE_FAMILY = "1,2";
				TEST_TARGET_NAME = test;
			};
			name = Release;
		};
/* End XCBuildConfiguration section */

/* Begin XCConfigurationList section */
		F16321E9201D562D00D2B275 /* Build configuration list for PBXProject "test" */ = {
			isa = XCConfigurationList;
			buildConfigurations = (
				F1632214201D562E00D2B275 /* Debug */,
				F1632215201D562E00D2B275 /* Release */,
			);
			defaultConfigurationIsVisible = 0;
			defaultConfigurationName = Release;
		};
		F1632216201D562E00D2B275 /* Build configuration list for PBXNativeTarget "test" */ = {
			isa = XCConfigurationList;
			buildConfigurations = (
				F1632217201D562E00D2B275 /* Debug */,
				F1632218201D562E00D2B275 /* Release */,
			);
			defaultConfigurationIsVisible = 0;
			defaultConfigurationName = Release;
		};
		F1632219201D562E00D2B275 /* Build configuration list for PBXNativeTarget "testTests" */ = {
			isa = XCConfigurationList;
			buildConfigurations = (
				F163221A201D562E00D2B275 /* Debug */,
				F163221B201D562E00D2B275 /* Release */,
			);
			defaultConfigurationIsVisible = 0;
			defaultConfigurationName = Release;
		};
		F163221C201D562E00D2B275 /* Build configuration list for PBXNativeTarget "testUITests" */ = {
			isa = XCConfigurationList;
			buildConfigurations = (
				F163221D201D562E00D2B275 /* Debug */,
				F163221E201D562E00D2B275 /* Release */,
			);
			defaultConfigurationIsVisible = 0;
			defaultConfigurationName = Release;
		};
/* End XCConfigurationList section */
	};
	rootObject = F16321E6201D562D00D2B275 /* Project object */;
}
